
Microsoft Visual Studio Solution File, Format Version 12.00
# Visual Studio Version 16
VisualStudioVersion = 16.0.29123.88
MinimumVisualStudioVersion = 10.0.40219.1
Project("{FAE04EC0-301F-11D3-BF4B-00C04F79EFBC}") = "FIT5032_W04_ModelFirst", "FIT5032_W04_ModelFirst.csproj", "{35F08CCF-FD91-4480-8D53-8E629B808E84}"
EndProject
Global
	GlobalSection(SolutionConfigurationPlatforms) = preSolution
		Debug|Any CPU = Debug|Any CPU
		Release|Any CPU = Release|Any CPU
	EndGlobalSection
	GlobalSection(ProjectConfigurationPlatforms) = postSolution
		{35F08CCF-FD91-4480-8D53-8E629B808E84}.Debug|Any CPU.ActiveCfg = Debug|Any CPU
		{35F08CCF-FD91-4480-8D53-8E629B808E84}.Debug|Any CPU.Build.0 = Debug|Any CPU
		{35F08CCF-FD91-4480-8D53-8E629B808E84}.Release|Any CPU.ActiveCfg = Release|Any CPU
		{35F08CCF-FD91-4480-8D53-8E629B808E84}.Release|Any CPU.Build.0 = Release|Any CPU
	EndGlobalSection
	GlobalSection(SolutionProperties) = preSolution
		HideSolutionNode = FALSE
	EndGlobalSection
	GlobalSection(ExtensibilityGlobals) = postSolution
		SolutionGuid = {AF362448-820E-40B5-A153-8D10AE6617B7}
	EndGlobalSection
EndGlobal
